<Solution>
  <Folder Name="/Common/">
    <Project Path="../AzurePetMedicine.Common.Gateway/AzurePetMedicine.Common.Gateway.csproj" Id="cef1bafa-bd97-4a85-b485-08e0160d1277" />
    <Project Path="../AzurePetMedicine.Common/AzurePetMedicine.Common.csproj" />
  </Folder>
  <Folder Name="/Hospital/">
    <Project Path="../AzurePetMedicine.Hospital.Api/AzurePetMedicine.Hospital.Api.csproj" Id="d3c6434b-6366-4572-9728-e7f64188e1ee" />
    <Project Path="../AzurePetMedicine.Hospital.Domain/AzurePetMedicine.Hospital.Domain.csproj" Id="09a07623-d3ae-4d91-9c14-b8a9178039e5" />
    <Project Path="../AzurePetMedicine.Hospital.Query.Api/AzurePetMedicine.Hospital.Query.Api.csproj" Id="3d5d6f02-f175-4a81-a5c5-a737b301af44" />
  </Folder>
  <Folder Name="/Pet/">
    <Project Path="../AzurePetMedicine.Pet.Domain/AzurePetMedicine.Pet.Domain.csproj" />
    <Project Path="../AzurePetMedicine.Pet.Query.Api/AzurePetMedicine.Pet.Query.Api.csproj" Id="0e2db00b-d69e-40bb-a1b9-a5f7c4e9068d" />
    <Project Path="AzurePetMedicine.Pet.Api.csproj" />
  </Folder>
  <Folder Name="/Rescue/">
    <Project Path="../AzurePetMedicine.Rescue.Api/AzurePetMedicine.Rescue.Api.csproj" Id="a85602ba-33bd-43bf-bcb9-42b79652e226" />
    <Project Path="../AzurePetMedicine.Rescue.Domain/AzurePetMedicine.Rescue.Domain.csproj" />
    <Project Path="../AzurePetMedicine.Rescue.Query.Api/AzurePetMedicine.Rescue.Query.Api.csproj" Id="f63ae622-735e-4387-80fa-32c86beaf88b" />
  </Folder>
  <Folder Name="/ServiceBus/">
    <Project Path="../AzurePetMedicine.ServiceBus/AzurePetMedicine.ServiceBus.csproj" Id="17acaa69-436d-4df2-8a0f-40c6dac63223" />
  </Folder>
</Solution>
